
Microsoft Visual Studio Solution File, Format Version 12.00
# Visual Studio 15
VisualStudioVersion = 15.0.28307.572
MinimumVisualStudioVersion = 10.0.40219.1
Project("{2150E333-8FDC-42A3-9474-1A3956D46DE8}") = "Solution Items", "Solution Items", "{A2E62864-6A7A-44FE-91E0-2A3191FFD834}"
	ProjectSection(SolutionItems) = preProject
		SqlQuery_1.sql = SqlQuery_1.sql
	EndProjectSection
EndProject
Project("{FAE04EC0-301F-11D3-BF4B-00C04F79EFBC}") = "WorkRepository", "WorkRepository\WorkRepository.csproj", "{A3BCF7A5-DE32-4429-9E71-380E96CCD3B8}"
EndProject
Project("{FAE04EC0-301F-11D3-BF4B-00C04F79EFBC}") = "BussinessLogic", "businesslogic\BussinessLogic.csproj", "{456F1FF0-EB62-4254-A7CD-F1DC3068ACD9}"
EndProject
Project("{FAE04EC0-301F-11D3-BF4B-00C04F79EFBC}") = "BussinessLogic.Test", "BussinessLogic.Test\BussinessLogic.Test.csproj", "{DED89B25-30C2-4DB0-B71C-E839A2862609}"
EndProject
Project("{FAE04EC0-301F-11D3-BF4B-00C04F79EFBC}") = "WebServices", "WebApi\WebServices.csproj", "{61635A70-DAFC-4121-AB05-F2CA210BFEA8}"
EndProject
Global
	GlobalSection(SolutionConfigurationPlatforms) = preSolution
		Debug|Any CPU = Debug|Any CPU
		Release|Any CPU = Release|Any CPU
	EndGlobalSection
	GlobalSection(ProjectConfigurationPlatforms) = postSolution
		{A3BCF7A5-DE32-4429-9E71-380E96CCD3B8}.Debug|Any CPU.ActiveCfg = Debug|Any CPU
		{A3BCF7A5-DE32-4429-9E71-380E96CCD3B8}.Debug|Any CPU.Build.0 = Debug|Any CPU
		{A3BCF7A5-DE32-4429-9E71-380E96CCD3B8}.Release|Any CPU.ActiveCfg = Release|Any CPU
		{A3BCF7A5-DE32-4429-9E71-380E96CCD3B8}.Release|Any CPU.Build.0 = Release|Any CPU
		{456F1FF0-EB62-4254-A7CD-F1DC3068ACD9}.Debug|Any CPU.ActiveCfg = Debug|Any CPU
		{456F1FF0-EB62-4254-A7CD-F1DC3068ACD9}.Debug|Any CPU.Build.0 = Debug|Any CPU
		{456F1FF0-EB62-4254-A7CD-F1DC3068ACD9}.Release|Any CPU.ActiveCfg = Release|Any CPU
		{456F1FF0-EB62-4254-A7CD-F1DC3068ACD9}.Release|Any CPU.Build.0 = Release|Any CPU
		{DED89B25-30C2-4DB0-B71C-E839A2862609}.Debug|Any CPU.ActiveCfg = Debug|Any CPU
		{DED89B25-30C2-4DB0-B71C-E839A2862609}.Debug|Any CPU.Build.0 = Debug|Any CPU
		{DED89B25-30C2-4DB0-B71C-E839A2862609}.Release|Any CPU.ActiveCfg = Release|Any CPU
		{DED89B25-30C2-4DB0-B71C-E839A2862609}.Release|Any CPU.Build.0 = Release|Any CPU
		{61635A70-DAFC-4121-AB05-F2CA210BFEA8}.Debug|Any CPU.ActiveCfg = Debug|Any CPU
		{61635A70-DAFC-4121-AB05-F2CA210BFEA8}.Debug|Any CPU.Build.0 = Debug|Any CPU
		{61635A70-DAFC-4121-AB05-F2CA210BFEA8}.Release|Any CPU.ActiveCfg = Release|Any CPU
		{61635A70-DAFC-4121-AB05-F2CA210BFEA8}.Release|Any CPU.Build.0 = Release|Any CPU
	EndGlobalSection
	GlobalSection(SolutionProperties) = preSolution
		HideSolutionNode = FALSE
	EndGlobalSection
	GlobalSection(ExtensibilityGlobals) = postSolution
		SolutionGuid = {D2AF505D-773C-46C5-805A-1977B4448FE9}
	EndGlobalSection
EndGlobal
